
Microsoft Visual Studio Solution File, Format Version 12.00
# Visual Studio Version 17
VisualStudioVersion = 17.10.34916.146
MinimumVisualStudioVersion = 10.0.40219.1
Project("{FAE04EC0-301F-11D3-BF4B-00C04F79EFBC}") = "dz20", "dz20\dz20.csproj", "{4BF3B069-AC32-4208-A7BC-C5C106661F9A}"
EndProject
Global
	GlobalSection(SolutionConfigurationPlatforms) = preSolution
		Debug|Any CPU = Debug|Any CPU
		Release|Any CPU = Release|Any CPU
	EndGlobalSection
	GlobalSection(ProjectConfigurationPlatforms) = postSolution
		{4BF3B069-AC32-4208-A7BC-C5C106661F9A}.Debug|Any CPU.ActiveCfg = Debug|Any CPU
		{4BF3B069-AC32-4208-A7BC-C5C106661F9A}.Debug|Any CPU.Build.0 = Debug|Any CPU
		{4BF3B069-AC32-4208-A7BC-C5C106661F9A}.Release|Any CPU.ActiveCfg = Release|Any CPU
		{4BF3B069-AC32-4208-A7BC-C5C106661F9A}.Release|Any CPU.Build.0 = Release|Any CPU
	EndGlobalSection
	GlobalSection(SolutionProperties) = preSolution
		HideSolutionNode = FALSE
	EndGlobalSection
	GlobalSection(ExtensibilityGlobals) = postSolution
		SolutionGuid = {6A256E0A-556C-4C3C-B0F0-0470B04EBCA3}
	EndGlobalSection
EndGlobal
